
Microsoft Visual Studio Solution File, Format Version 12.00
# Visual Studio 15
VisualStudioVersion = 15.0.28010.2048
MinimumVisualStudioVersion = 10.0.40219.1
Project("{FAE04EC0-301F-11D3-BF4B-00C04F79EFBC}") = "WaterMarkGenerator", "WatermarkGenerator\WaterMarkGenerator.csproj", "{DA709561-641D-4A5A-9BFA-989BC56A10FE}"
EndProject
Global
	GlobalSection(SolutionConfigurationPlatforms) = preSolution
		Debug|Any CPU = Debug|Any CPU
		Release|Any CPU = Release|Any CPU
	EndGlobalSection
	GlobalSection(ProjectConfigurationPlatforms) = postSolution
		{DA709561-641D-4A5A-9BFA-989BC56A10FE}.Debug|Any CPU.ActiveCfg = Debug|Any CPU
		{DA709561-641D-4A5A-9BFA-989BC56A10FE}.Debug|Any CPU.Build.0 = Debug|Any CPU
		{DA709561-641D-4A5A-9BFA-989BC56A10FE}.Release|Any CPU.ActiveCfg = Release|Any CPU
		{DA709561-641D-4A5A-9BFA-989BC56A10FE}.Release|Any CPU.Build.0 = Release|Any CPU
	EndGlobalSection
	GlobalSection(SolutionProperties) = preSolution
		HideSolutionNode = FALSE
	EndGlobalSection
	GlobalSection(ExtensibilityGlobals) = postSolution
		SolutionGuid = {139BA754-8852-4BAE-84E1-C526B7717FC7}
	EndGlobalSection
EndGlobal
